PODS:
  - Alamofire (3.5.0)
  - SwiftyJSON (2.3.2)

DEPENDENCIES:
  - Alamofire (~> 3.5.0)
  - SwiftyJSON (~> 2.3.2)

SPEC CHECKSUMS:
  Alamofire: b70a7352335f8ea5babd0a923eb7e8eacc67b877
  SwiftyJSON: 04ccea08915aa0109039157c7974cf0298da292a

PODFILE CHECKSUM: e8edf0dcd8efc9b941a9638c50fb2b29f54bc1a1

COCOAPODS: 1.0.1
